
Microsoft Visual Studio Solution File, Format Version 12.00
# Visual Studio Version 17
VisualStudioVersion = 17.0.31903.59
MinimumVisualStudioVersion = 10.0.40219.1
Project("{FAE04EC0-301F-11D3-BF4B-00C04F79EFBC}") = "BattleShips", "BattleShips\BattleShips.csproj", "{9AAA4871-DFE8-4247-AD0A-7893D1F5DE80}"
EndProject
Project("{FAE04EC0-301F-11D3-BF4B-00C04F79EFBC}") = "BattleShips.Tests", "BattleShips.Tests\BattleShips.Tests.csproj", "{EEEC679C-76C2-4F8D-AA36-174B6DF6F5D1}"
EndProject
Global
	GlobalSection(SolutionConfigurationPlatforms) = preSolution
		Debug|Any CPU = Debug|Any CPU
		Release|Any CPU = Release|Any CPU
	EndGlobalSection
	GlobalSection(ProjectConfigurationPlatforms) = postSolution
		{9AAA4871-DFE8-4247-AD0A-7893D1F5DE80}.Debug|Any CPU.ActiveCfg = Debug|Any CPU
		{9AAA4871-DFE8-4247-AD0A-7893D1F5DE80}.Debug|Any CPU.Build.0 = Debug|Any CPU
		{9AAA4871-DFE8-4247-AD0A-7893D1F5DE80}.Release|Any CPU.ActiveCfg = Release|Any CPU
		{9AAA4871-DFE8-4247-AD0A-7893D1F5DE80}.Release|Any CPU.Build.0 = Release|Any CPU
		{EEEC679C-76C2-4F8D-AA36-174B6DF6F5D1}.Debug|Any CPU.ActiveCfg = Debug|Any CPU
		{EEEC679C-76C2-4F8D-AA36-174B6DF6F5D1}.Debug|Any CPU.Build.0 = Debug|Any CPU
		{EEEC679C-76C2-4F8D-AA36-174B6DF6F5D1}.Release|Any CPU.ActiveCfg = Release|Any CPU
		{EEEC679C-76C2-4F8D-AA36-174B6DF6F5D1}.Release|Any CPU.Build.0 = Release|Any CPU
	EndGlobalSection
	GlobalSection(SolutionProperties) = preSolution
		HideSolutionNode = FALSE
	EndGlobalSection
	GlobalSection(ExtensibilityGlobals) = postSolution
		SolutionGuid = {4D4BA849-53BB-489C-A12D-D2DFD1F5AE4C}
	EndGlobalSection
EndGlobal
